
Microsoft Visual Studio Solution File, Format Version 10.00
# Visual Studio 2008
Project("{F184B08F-C81C-45F6-A57F-5ABD9991F28F}") = "Fortedo.ForValidate", "Fortedo.ForValidate.vbproj", "{78798937-E0CB-430D-9958-F9A256D13456}"
EndProject
Global
	GlobalSection(SubversionScc) = preSolution
		Svn-Managed = True
		Manager = AnkhSVN - Subversion Support for Visual Studio
	EndGlobalSection
	GlobalSection(SolutionConfigurationPlatforms) = preSolution
		Debug|Any CPU = Debug|Any CPU
		Release|Any CPU = Release|Any CPU
	EndGlobalSection
	GlobalSection(ProjectConfigurationPlatforms) = postSolution
		{78798937-E0CB-430D-9958-F9A256D13456}.Debug|Any CPU.ActiveCfg = Debug|Any CPU
		{78798937-E0CB-430D-9958-F9A256D13456}.Debug|Any CPU.Build.0 = Debug|Any CPU
		{78798937-E0CB-430D-9958-F9A256D13456}.Release|Any CPU.ActiveCfg = Release|Any CPU
		{78798937-E0CB-430D-9958-F9A256D13456}.Release|Any CPU.Build.0 = Release|Any CPU
	EndGlobalSection
	GlobalSection(SolutionProperties) = preSolution
		HideSolutionNode = FALSE
	EndGlobalSection
EndGlobal
